
Microsoft Visual Studio Solution File, Format Version 12.00
# Visual Studio Version 17
VisualStudioVersion = 17.4.33213.308
MinimumVisualStudioVersion = 10.0.40219.1
Project("{FAE04EC0-301F-11D3-BF4B-00C04F79EFBC}") = "Teknik_Test", "Teknik_Test\Teknik_Test.csproj", "{5658D731-1984-4DCF-AC42-1E6E62B048A3}"
EndProject
Global
	GlobalSection(SolutionConfigurationPlatforms) = preSolution
		Debug|Any CPU = Debug|Any CPU
		Release|Any CPU = Release|Any CPU
	EndGlobalSection
	GlobalSection(ProjectConfigurationPlatforms) = postSolution
		{5658D731-1984-4DCF-AC42-1E6E62B048A3}.Debug|Any CPU.ActiveCfg = Debug|Any CPU
		{5658D731-1984-4DCF-AC42-1E6E62B048A3}.Debug|Any CPU.Build.0 = Debug|Any CPU
		{5658D731-1984-4DCF-AC42-1E6E62B048A3}.Release|Any CPU.ActiveCfg = Release|Any CPU
		{5658D731-1984-4DCF-AC42-1E6E62B048A3}.Release|Any CPU.Build.0 = Release|Any CPU
	EndGlobalSection
	GlobalSection(SolutionProperties) = preSolution
		HideSolutionNode = FALSE
	EndGlobalSection
	GlobalSection(ExtensibilityGlobals) = postSolution
		SolutionGuid = {B0F625AE-9FB8-45FA-87E9-3718E7BD0DF8}
	EndGlobalSection
EndGlobal
